# content.lock — ecosystem pin for bank + knowledge + modules (L7-S9)
# Generated by `cdcp content-lock` — do not hand-edit hashes.
# Regenerate: cdcp content-lock
# Verify:     cdcp_gate verify-content-lock

schema_version = 1
canonical = "cdcp-bank-v3"
hash_alg = "sha256"
bank_hash = "7129abf53ea56bff0026bb62c516d4cf494e53fee9b1fd7da88e992483d969a8"

[knowledge]
"knowledge/bank_policy.toml" = "44a7edc79f147dbadbfd174678e77137623942ebf22f6a8bfa63888b795b7d40"
"knowledge/claims.toml" = "f38eaf89f3bd61bfc7d1a4f5d6a0757e7a2a0399000afae2fc0e3182c78df867"
"knowledge/domains.toml" = "0399960669a0bba18ebc481c047e3eb4e16322243610e7655f0799b5ac5b0a1e"
"knowledge/exam_form.toml" = "d7f319724711df1c7ff8a5d2ad3d2e7de4597fb0f2999753a18e60a1a6987ea7"
"knowledge/fact_policy.toml" = "80b9aa262695e7c59026eb03b11ffeb2be6bfd9ac11e3a8ecd0a7b7d0d6ac97b"
"knowledge/sources.toml" = "201fdcb6a9600a8066d88a9dc8406cc9bda8f03a118078cd68bfe2608b7f2977"
"knowledge/standards_crosswalk.toml" = "e6c784684fb4febe7e4a9e44b4de7559aa975aef642f5d4b6ab3eda803ab9054"
"knowledge/standards_families.toml" = "f91a61020123b93f2c7f38cc210712b2b84264701bfa0dbef026a9e206908c23"
"knowledge/topics.toml" = "07c8ace8f187ab10f0029f10dd501a28d5b31a0a803d536a50eb5674806e2479"

[modules]
"modules/01-mission-critical.md" = "d088657727fec72d4d582205a88fbb2e686ef38e92de4847f5e6389e2d6608dd"
"modules/02-standards.md" = "fde652133d1fcd82374343220191aa7b47cf9d10dee0fe7050edccd9a99bdf3c"
"modules/03-site-building.md" = "1d96451c79e3663d3ce5247eb79f05030336afda95a4bbe13794b0f7bd850130"
"modules/04-floor-ceiling.md" = "2e8bbd7825f5c8ebebc6774c6d5a284c877f634e938a8bd5848b478d8cb3d08d"
"modules/05-lighting.md" = "7767ad3b84582f8c59c3a6448d4ea365cf905597697b68c8c94bbd4d2341a459"
"modules/06-power.md" = "8d162669c9bf762ceb0a655e1a48f3f9f08e4e7c8ff1c9186df87fa995996845"
"modules/07-emf.md" = "e8ecc26087e9fbd4c83e4cdd40799a9a0a45a9d722cceab61bce70adf27227b1"
"modules/08-racks.md" = "aeb0762378e8d50b5bcc096b692e0e06ed506cab1e4a11d88ce4c481f060c3a1"
"modules/09-cooling.md" = "b17d66cc0f6cb5c022aae05a9533fc65e2887911f5b82332a54d1faf4b54ecb0"
"modules/10-water.md" = "670aa333373e36b64267d04bf72b360bdfc2af6b65d34790e7f41ab1098690a0"
"modules/11-network.md" = "2455f1e76d41d61bfa1c85f9ff13c30f90671c9991c96dd9e10cc92b8af4f28a"
"modules/12-fire.md" = "6f699256c577f8400cef16fb75c7b73bb1260ac8c63c22ca99309b8e8b362346"
"modules/13-security.md" = "ee8ccab1241c9ea7871bbf011880f1985cd2c9a42e685de6576f3ac3a2fd1e9b"
"modules/14-auxiliary.md" = "4a2f4b711eb59290c56e511801635fb82854f8ea91b67b1438439c03da9e7825"
"modules/15-ops-adjacent.md" = "c464780a527743751683e2bcdb938e3e34e665946a00a854d646c1325010035e"
"web/content/modules/01-mission-critical.md" = "d088657727fec72d4d582205a88fbb2e686ef38e92de4847f5e6389e2d6608dd"
"web/content/modules/02-standards.md" = "fde652133d1fcd82374343220191aa7b47cf9d10dee0fe7050edccd9a99bdf3c"
"web/content/modules/03-site-building.md" = "1d96451c79e3663d3ce5247eb79f05030336afda95a4bbe13794b0f7bd850130"
"web/content/modules/04-floor-ceiling.md" = "2e8bbd7825f5c8ebebc6774c6d5a284c877f634e938a8bd5848b478d8cb3d08d"
"web/content/modules/05-lighting.md" = "7767ad3b84582f8c59c3a6448d4ea365cf905597697b68c8c94bbd4d2341a459"
"web/content/modules/06-power.md" = "8d162669c9bf762ceb0a655e1a48f3f9f08e4e7c8ff1c9186df87fa995996845"
"web/content/modules/07-emf.md" = "e8ecc26087e9fbd4c83e4cdd40799a9a0a45a9d722cceab61bce70adf27227b1"
"web/content/modules/08-racks.md" = "aeb0762378e8d50b5bcc096b692e0e06ed506cab1e4a11d88ce4c481f060c3a1"
"web/content/modules/09-cooling.md" = "b17d66cc0f6cb5c022aae05a9533fc65e2887911f5b82332a54d1faf4b54ecb0"
"web/content/modules/10-water.md" = "670aa333373e36b64267d04bf72b360bdfc2af6b65d34790e7f41ab1098690a0"
"web/content/modules/11-network.md" = "2455f1e76d41d61bfa1c85f9ff13c30f90671c9991c96dd9e10cc92b8af4f28a"
"web/content/modules/12-fire.md" = "6f699256c577f8400cef16fb75c7b73bb1260ac8c63c22ca99309b8e8b362346"
"web/content/modules/13-security.md" = "ee8ccab1241c9ea7871bbf011880f1985cd2c9a42e685de6576f3ac3a2fd1e9b"
"web/content/modules/14-auxiliary.md" = "4a2f4b711eb59290c56e511801635fb82854f8ea91b67b1438439c03da9e7825"
"web/content/modules/15-ops-adjacent.md" = "c464780a527743751683e2bcdb938e3e34e665946a00a854d646c1325010035e"
"web/content/modules/README.md" = "ca5c7692735176fcd15fa23b5bc7f23fb874a6e4186e712240cbdf697d8cc6a6"

[data]
"knowledge/corpus/free-pdfs/nist_sp800_123_server_security.meta.toml" = "0e020f2d46cf7ca0ca1ab838e5a1ffb58e2e2a4b1ccc1e1f0d2de816bd1ad8d8"
"knowledge/corpus/free-pdfs/nist_sp800_123_server_security.pdf" = "182ae5d23011108fba08c3a56c5029b8a26a428480ae38ac61877f6f3365db41"
"knowledge/corpus/public/osha/29cfr-1910.147.meta.toml" = "dd73b1308f45ce699b18c1b7ffb43a3c7efb89d006bf40f1743f7165e1694664"
"knowledge/corpus/public/osha/29cfr-1910.147.txt" = "12a80dcc6c444135d0b0bc1f0b0b53955727346cbc2048b0a33ae89890780ed7"
"knowledge/corpus/public/osha/29cfr-1910.269.meta.toml" = "9d2eb7aad5711f35fabe66733631a251a0a9a03fe8b89453810abc4380d1c174"
"knowledge/corpus/public/osha/29cfr-1910.269.txt" = "f5d730d9a9cdf81b4f1e3d1afe6e9005911dcc4aa1811bd08ad9fbfd7b6583ba"
"knowledge/corpus/public/osha/29cfr-1910.333-subpart-s.meta.toml" = "f7b87530bc6d3404c25178979fd6c5bc394df3c40f2446ad6bbba65fc65ad23a"
"knowledge/corpus/public/osha/29cfr-1910.333-subpart-s.txt" = "0f0d2b096feaeb2bc76df271ec03bbd4011bcfb54003044f56a9fcd3f71ed8f9"
"knowledge/data/egrid/egrid2023_plants.csv" = "11b7e4c1200c09818bb0eab0d9997d080f3a3eb8f3cf25dc0bb2ca401823ce1a"
"knowledge/data/egrid/egrid2023_plants.meta.toml" = "b726ded568af4b34ddca48dad0dcd9019990586661f38964d92ff0b854dba884"
"knowledge/data/egrid/egrid2023_plnt23.csv" = "95e0fd1c9e2d29cc0d0eb9dd53c8cdacef297f89e50b07573f4356ef3c9f1c84"
"knowledge/data/egrid/egrid2023_plnt23.meta.toml" = "67bd32f7ab94f29bf6ed314e6a4d6115ccbdc4bb64941298e4ca2f620878efdd"
"knowledge/data/eia/epm_5_6_a_industrial.csv" = "ccb19a38e24fd012a113254eaa1a07c51725f1680298d573497ae4095fad4494"
"knowledge/data/eia/epm_5_6_a_industrial.meta.toml" = "fceff10e82836ca011d057d4e3a9fec74b5f826f585d1fa8598a33ccece22279"
"knowledge/data/fema/nfhl_flood_zones.csv" = "bf88b52990be4626df5a3c99ffcf7fefe372457e4022fe32733c21a9f4476390"
"knowledge/data/fema/nfhl_flood_zones.meta.toml" = "dc3d370c61b9d0be151fa21e5e87a5d139757ec9311d77f2b1cb802a220b97a5"
"knowledge/data/noaa/tmy3_drybulb.csv" = "db982afdf34013ed971b236501d32e1ac10fa47aa662c95f922fa0393038723c"
"knowledge/data/noaa/tmy3_drybulb.meta.toml" = "363c3db4f62e09292cdf8554950e4134f9e7da379a170399747566fb3577351f"
"knowledge/data/usgs/asce7_16_grid.csv" = "f42657c042dab6be7d5d840b319bbe74032eb7cc3039454d4a88b7e24365d3e1"
"knowledge/data/usgs/asce7_16_grid.meta.toml" = "d151b9916d9bcd01f0710b77bfb3986d2a69dc29b355b224192b15471b4e31e9"
