# content.lock — ecosystem pin for bank + knowledge + modules (L7-S9)
# Generated by `cdcp content-lock` — do not hand-edit hashes.
# Regenerate: cdcp content-lock
# Verify:     cdcp_gate verify-content-lock

schema_version = 1
canonical = "cdcp-bank-v3"
hash_alg = "sha256"
bank_hash = "8b4d412e1c4696d664c29121841ce7343be968ca296ffcb9fea68a36085e7ded"

[knowledge]
"knowledge/bank_policy.toml" = "44a7edc79f147dbadbfd174678e77137623942ebf22f6a8bfa63888b795b7d40"
"knowledge/claims.toml" = "015540b65f496af342ba9c3bd9a58053d05f9c085d73454f59241dd626983d5e"
"knowledge/domains.toml" = "0399960669a0bba18ebc481c047e3eb4e16322243610e7655f0799b5ac5b0a1e"
"knowledge/exam_form.toml" = "6d9e6325ef9848a176f7571653ffc31c417407a7a0af54575722389ab385b8a2"
"knowledge/fact_policy.toml" = "80b9aa262695e7c59026eb03b11ffeb2be6bfd9ac11e3a8ecd0a7b7d0d6ac97b"
"knowledge/sources.toml" = "f5e09110b2b47871eda0a915c3dfd48c60392da45409ebe0f812dc56977a8034"
"knowledge/standards_crosswalk.toml" = "e6c784684fb4febe7e4a9e44b4de7559aa975aef642f5d4b6ab3eda803ab9054"
"knowledge/standards_families.toml" = "f91a61020123b93f2c7f38cc210712b2b84264701bfa0dbef026a9e206908c23"
"knowledge/topics.toml" = "f763988e85d0f02c14e55d406359abefd7aef34d99bde87b5007eb255b69a65d"

[modules]
"modules/01-mission-critical.md" = "d088657727fec72d4d582205a88fbb2e686ef38e92de4847f5e6389e2d6608dd"
"modules/02-standards.md" = "fde652133d1fcd82374343220191aa7b47cf9d10dee0fe7050edccd9a99bdf3c"
"modules/03-site-building.md" = "f4ed413fe24f847003aae12b0ea4a14d47b38fc1c8349641b3c301eb93028a45"
"modules/04-floor-ceiling.md" = "2e8bbd7825f5c8ebebc6774c6d5a284c877f634e938a8bd5848b478d8cb3d08d"
"modules/05-lighting.md" = "7767ad3b84582f8c59c3a6448d4ea365cf905597697b68c8c94bbd4d2341a459"
"modules/06-power.md" = "8d162669c9bf762ceb0a655e1a48f3f9f08e4e7c8ff1c9186df87fa995996845"
"modules/07-emf.md" = "af3bbe95d957f054da4dd0ce1fe74350c0d0473c2876ccdd2ddb0dc9c40d9815"
"modules/08-racks.md" = "b60d4dd3086188c1315fb2487f18de15f68e641f870612529ce0212e3a6f95ab"
"modules/09-cooling.md" = "5e33f6712e073cad91a37dbaa0088476dd22f07255c000409aae6b1af696843f"
"modules/10-water.md" = "ecde05e28f1bc41104e8bda9388d420c73d112a91c02349b4e6c896ada7fd981"
"modules/11-network.md" = "2455f1e76d41d61bfa1c85f9ff13c30f90671c9991c96dd9e10cc92b8af4f28a"
"modules/12-fire.md" = "d4df49976adeb459fa83ca67e59680087350082777a6a9d2914b118d224cf94f"
"modules/13-security.md" = "77f9f53878a704e5ad1f9fb7559fa5a168b1c866a706132ae4e260a589f1236a"
"modules/14-auxiliary.md" = "4a2f4b711eb59290c56e511801635fb82854f8ea91b67b1438439c03da9e7825"
"modules/15-ops-adjacent.md" = "c464780a527743751683e2bcdb938e3e34e665946a00a854d646c1325010035e"
"web/content/modules/01-mission-critical.md" = "d088657727fec72d4d582205a88fbb2e686ef38e92de4847f5e6389e2d6608dd"
"web/content/modules/02-standards.md" = "fde652133d1fcd82374343220191aa7b47cf9d10dee0fe7050edccd9a99bdf3c"
"web/content/modules/03-site-building.md" = "f4ed413fe24f847003aae12b0ea4a14d47b38fc1c8349641b3c301eb93028a45"
"web/content/modules/04-floor-ceiling.md" = "2e8bbd7825f5c8ebebc6774c6d5a284c877f634e938a8bd5848b478d8cb3d08d"
"web/content/modules/05-lighting.md" = "7767ad3b84582f8c59c3a6448d4ea365cf905597697b68c8c94bbd4d2341a459"
"web/content/modules/06-power.md" = "8d162669c9bf762ceb0a655e1a48f3f9f08e4e7c8ff1c9186df87fa995996845"
"web/content/modules/07-emf.md" = "af3bbe95d957f054da4dd0ce1fe74350c0d0473c2876ccdd2ddb0dc9c40d9815"
"web/content/modules/08-racks.md" = "b60d4dd3086188c1315fb2487f18de15f68e641f870612529ce0212e3a6f95ab"
"web/content/modules/09-cooling.md" = "5e33f6712e073cad91a37dbaa0088476dd22f07255c000409aae6b1af696843f"
"web/content/modules/10-water.md" = "ecde05e28f1bc41104e8bda9388d420c73d112a91c02349b4e6c896ada7fd981"
"web/content/modules/11-network.md" = "2455f1e76d41d61bfa1c85f9ff13c30f90671c9991c96dd9e10cc92b8af4f28a"
"web/content/modules/12-fire.md" = "d4df49976adeb459fa83ca67e59680087350082777a6a9d2914b118d224cf94f"
"web/content/modules/13-security.md" = "77f9f53878a704e5ad1f9fb7559fa5a168b1c866a706132ae4e260a589f1236a"
"web/content/modules/14-auxiliary.md" = "4a2f4b711eb59290c56e511801635fb82854f8ea91b67b1438439c03da9e7825"
"web/content/modules/15-ops-adjacent.md" = "c464780a527743751683e2bcdb938e3e34e665946a00a854d646c1325010035e"
"web/content/modules/README.md" = "ca5c7692735176fcd15fa23b5bc7f23fb874a6e4186e712240cbdf697d8cc6a6"

[data]
"knowledge/corpus/free-pdfs/nist_sp800_123_server_security.meta.toml" = "0e020f2d46cf7ca0ca1ab838e5a1ffb58e2e2a4b1ccc1e1f0d2de816bd1ad8d8"
"knowledge/corpus/free-pdfs/nist_sp800_123_server_security.pdf" = "182ae5d23011108fba08c3a56c5029b8a26a428480ae38ac61877f6f3365db41"
"knowledge/corpus/public/osha/29cfr-1910.147.meta.toml" = "dd73b1308f45ce699b18c1b7ffb43a3c7efb89d006bf40f1743f7165e1694664"
"knowledge/corpus/public/osha/29cfr-1910.147.txt" = "12a80dcc6c444135d0b0bc1f0b0b53955727346cbc2048b0a33ae89890780ed7"
"knowledge/corpus/public/osha/29cfr-1910.269.meta.toml" = "9d2eb7aad5711f35fabe66733631a251a0a9a03fe8b89453810abc4380d1c174"
"knowledge/corpus/public/osha/29cfr-1910.269.txt" = "f5d730d9a9cdf81b4f1e3d1afe6e9005911dcc4aa1811bd08ad9fbfd7b6583ba"
"knowledge/corpus/public/osha/29cfr-1910.333-subpart-s.meta.toml" = "f7b87530bc6d3404c25178979fd6c5bc394df3c40f2446ad6bbba65fc65ad23a"
"knowledge/corpus/public/osha/29cfr-1910.333-subpart-s.txt" = "0f0d2b096feaeb2bc76df271ec03bbd4011bcfb54003044f56a9fcd3f71ed8f9"
"knowledge/data/egrid/egrid2023_plants.csv" = "11b7e4c1200c09818bb0eab0d9997d080f3a3eb8f3cf25dc0bb2ca401823ce1a"
"knowledge/data/egrid/egrid2023_plants.meta.toml" = "b726ded568af4b34ddca48dad0dcd9019990586661f38964d92ff0b854dba884"
"knowledge/data/egrid/egrid2023_plnt23.csv" = "95e0fd1c9e2d29cc0d0eb9dd53c8cdacef297f89e50b07573f4356ef3c9f1c84"
"knowledge/data/egrid/egrid2023_plnt23.meta.toml" = "67bd32f7ab94f29bf6ed314e6a4d6115ccbdc4bb64941298e4ca2f620878efdd"
"knowledge/data/eia/epm_5_6_a_industrial.csv" = "ccb19a38e24fd012a113254eaa1a07c51725f1680298d573497ae4095fad4494"
"knowledge/data/eia/epm_5_6_a_industrial.meta.toml" = "fceff10e82836ca011d057d4e3a9fec74b5f826f585d1fa8598a33ccece22279"
"knowledge/data/fema/nfhl_flood_zones.csv" = "bf88b52990be4626df5a3c99ffcf7fefe372457e4022fe32733c21a9f4476390"
"knowledge/data/fema/nfhl_flood_zones.meta.toml" = "dc3d370c61b9d0be151fa21e5e87a5d139757ec9311d77f2b1cb802a220b97a5"
"knowledge/data/noaa/tmy3_drybulb.csv" = "db982afdf34013ed971b236501d32e1ac10fa47aa662c95f922fa0393038723c"
"knowledge/data/noaa/tmy3_drybulb.meta.toml" = "363c3db4f62e09292cdf8554950e4134f9e7da379a170399747566fb3577351f"
"knowledge/data/usgs/asce7_16_grid.csv" = "f42657c042dab6be7d5d840b319bbe74032eb7cc3039454d4a88b7e24365d3e1"
"knowledge/data/usgs/asce7_16_grid.meta.toml" = "d151b9916d9bcd01f0710b77bfb3986d2a69dc29b355b224192b15471b4e31e9"
