# content.lock — ecosystem pin for bank + knowledge + modules (L7-S9)
# Generated by scripts/gen_content_lock.py — do not hand-edit hashes.
# Regenerate: UPDATE_CONTENT_LOCK=1 python3 scripts/gen_content_lock.py
# Verify:     python3 scripts/verify_content_lock.py

schema_version = 1
canonical = "cdcp-bank-v1"
hash_alg = "sha256"
bank_hash = "e82817572a82d13fad699393aab97613bdc0cf4c8503e264af490dc8dd7b71db"

[knowledge]
"knowledge/bank_policy.toml" = "44a7edc79f147dbadbfd174678e77137623942ebf22f6a8bfa63888b795b7d40"
"knowledge/claims.toml" = "f38eaf89f3bd61bfc7d1a4f5d6a0757e7a2a0399000afae2fc0e3182c78df867"
"knowledge/domains.toml" = "cb3603611aedf5852af0e28cf8088b4fad01c2cdf113ef4ea46c5529cd3a84b7"
"knowledge/exam_form.toml" = "d7f319724711df1c7ff8a5d2ad3d2e7de4597fb0f2999753a18e60a1a6987ea7"
"knowledge/fact_policy.toml" = "80b9aa262695e7c59026eb03b11ffeb2be6bfd9ac11e3a8ecd0a7b7d0d6ac97b"
"knowledge/sources.toml" = "201fdcb6a9600a8066d88a9dc8406cc9bda8f03a118078cd68bfe2608b7f2977"
"knowledge/standards_crosswalk.toml" = "e6c784684fb4febe7e4a9e44b4de7559aa975aef642f5d4b6ab3eda803ab9054"
"knowledge/standards_families.toml" = "f91a61020123b93f2c7f38cc210712b2b84264701bfa0dbef026a9e206908c23"
"knowledge/topics.toml" = "07c8ace8f187ab10f0029f10dd501a28d5b31a0a803d536a50eb5674806e2479"

[modules]
"modules/01-mission-critical.md" = "f398e06b11959405e294fce58b576dde3c22ef2145f815c26009c1d4c22afed2"
"modules/02-standards.md" = "708da2dd9a4209a422565072b88990c343145d6191cb93f5130e6a9e83220851"
"modules/03-site-building.md" = "5210af2f6ec203e12b73af83d1762a35b597af92baaa3ba4d4f06c5ab553fb81"
"modules/04-floor-ceiling.md" = "58cd7c92a925ff11063baccdc34e2d2bdbc74238d78728a35b72dc2eb4bbd602"
"modules/05-lighting.md" = "2503aad0668a2ee253d83069c47090367e9357466fbe5cf18b7314d93d68e377"
"modules/06-power.md" = "c07acb93c2c6c9dd5872e02cd1600142a50fb376895a4b288ff8cbee9360ed4a"
"modules/07-emf.md" = "9a90ca5d0847e7913b7b574d51838b507ab0f951b779e6d863c44bf9acb1109e"
"modules/08-racks.md" = "cdb307d71f8b6ea40e562785d84e1c452ee4d5f75fda3a5c98ce39fa26df2f65"
"modules/09-cooling.md" = "0c2de3659caad842de614ba942c4e649de6598a04200cb9f278afccafd473cb2"
"modules/10-water.md" = "0c9df6dfb65192c613f7d373f0161dfdd89cd5925d05b378bebecc78035d7fc3"
"modules/11-network.md" = "8e68e18815900997801a29855f311ec2745dac09e4d99e4e321ef18bc342b94b"
"modules/12-fire.md" = "2192c1af59a3a2361594436e6af33e626e2d4a089de5f2e4d96b5288974ca8ce"
"modules/13-security.md" = "0c1d2c620350c24daf0522c3487a4542b0101b9cfd59e092c9b257bd962fd130"
"modules/14-auxiliary.md" = "eb514eb16e28442011f4450dd7cfc3ab0d847f595a4259f3e9f31abf6a6a1872"
"web/content/modules/01-mission-critical.md" = "f398e06b11959405e294fce58b576dde3c22ef2145f815c26009c1d4c22afed2"
"web/content/modules/02-standards.md" = "708da2dd9a4209a422565072b88990c343145d6191cb93f5130e6a9e83220851"
"web/content/modules/03-site-building.md" = "5210af2f6ec203e12b73af83d1762a35b597af92baaa3ba4d4f06c5ab553fb81"
"web/content/modules/04-floor-ceiling.md" = "58cd7c92a925ff11063baccdc34e2d2bdbc74238d78728a35b72dc2eb4bbd602"
"web/content/modules/05-lighting.md" = "2503aad0668a2ee253d83069c47090367e9357466fbe5cf18b7314d93d68e377"
"web/content/modules/06-power.md" = "c07acb93c2c6c9dd5872e02cd1600142a50fb376895a4b288ff8cbee9360ed4a"
"web/content/modules/07-emf.md" = "9a90ca5d0847e7913b7b574d51838b507ab0f951b779e6d863c44bf9acb1109e"
"web/content/modules/08-racks.md" = "cdb307d71f8b6ea40e562785d84e1c452ee4d5f75fda3a5c98ce39fa26df2f65"
"web/content/modules/09-cooling.md" = "0c2de3659caad842de614ba942c4e649de6598a04200cb9f278afccafd473cb2"
"web/content/modules/10-water.md" = "0c9df6dfb65192c613f7d373f0161dfdd89cd5925d05b378bebecc78035d7fc3"
"web/content/modules/11-network.md" = "8e68e18815900997801a29855f311ec2745dac09e4d99e4e321ef18bc342b94b"
"web/content/modules/12-fire.md" = "2192c1af59a3a2361594436e6af33e626e2d4a089de5f2e4d96b5288974ca8ce"
"web/content/modules/13-security.md" = "0c1d2c620350c24daf0522c3487a4542b0101b9cfd59e092c9b257bd962fd130"
"web/content/modules/14-auxiliary.md" = "eb514eb16e28442011f4450dd7cfc3ab0d847f595a4259f3e9f31abf6a6a1872"
"web/content/modules/README.md" = "70a9c839b96610cc2439766a09f66c02e7d34ed277024f5c6b20c45beb25bfce"
